
Microsoft Visual Studio Solution File, Format Version 12.00
# Visual Studio Version 17
VisualStudioVersion = 17.7.34031.279
MinimumVisualStudioVersion = 10.0.40219.1
Project("{FAE04EC0-301F-11D3-BF4B-00C04F79EFBC}") = "OldestFamilyMember", "OldestFamilyMember.csproj", "{AE868D5D-C412-4D6B-B834-9AAE435247F9}"
EndProject
Global
	GlobalSection(SolutionConfigurationPlatforms) = preSolution
		Debug|Any CPU = Debug|Any CPU
		Release|Any CPU = Release|Any CPU
	EndGlobalSection
	GlobalSection(ProjectConfigurationPlatforms) = postSolution
		{AE868D5D-C412-4D6B-B834-9AAE435247F9}.Debug|Any CPU.ActiveCfg = Debug|Any CPU
		{AE868D5D-C412-4D6B-B834-9AAE435247F9}.Debug|Any CPU.Build.0 = Debug|Any CPU
		{AE868D5D-C412-4D6B-B834-9AAE435247F9}.Release|Any CPU.ActiveCfg = Release|Any CPU
		{AE868D5D-C412-4D6B-B834-9AAE435247F9}.Release|Any CPU.Build.0 = Release|Any CPU
	EndGlobalSection
	GlobalSection(SolutionProperties) = preSolution
		HideSolutionNode = FALSE
	EndGlobalSection
	GlobalSection(ExtensibilityGlobals) = postSolution
		SolutionGuid = {5882EBB6-66A4-40D0-A18E-28D272B6705C}
	EndGlobalSection
EndGlobal
