
Microsoft Visual Studio Solution File, Format Version 12.00
# Visual Studio Version 17
VisualStudioVersion = 17.7.34031.279
MinimumVisualStudioVersion = 10.0.40219.1
Project("{FAE04EC0-301F-11D3-BF4B-00C04F79EFBC}") = "PredicateParty", "PredicateParty.csproj", "{398E623F-78ED-4025-B7F5-80AE381C4AF0}"
EndProject
Global
	GlobalSection(SolutionConfigurationPlatforms) = preSolution
		Debug|Any CPU = Debug|Any CPU
		Release|Any CPU = Release|Any CPU
	EndGlobalSection
	GlobalSection(ProjectConfigurationPlatforms) = postSolution
		{398E623F-78ED-4025-B7F5-80AE381C4AF0}.Debug|Any CPU.ActiveCfg = Debug|Any CPU
		{398E623F-78ED-4025-B7F5-80AE381C4AF0}.Debug|Any CPU.Build.0 = Debug|Any CPU
		{398E623F-78ED-4025-B7F5-80AE381C4AF0}.Release|Any CPU.ActiveCfg = Release|Any CPU
		{398E623F-78ED-4025-B7F5-80AE381C4AF0}.Release|Any CPU.Build.0 = Release|Any CPU
	EndGlobalSection
	GlobalSection(SolutionProperties) = preSolution
		HideSolutionNode = FALSE
	EndGlobalSection
	GlobalSection(ExtensibilityGlobals) = postSolution
		SolutionGuid = {A15E7FF2-9479-4FB5-8C41-9C664CB55B73}
	EndGlobalSection
EndGlobal
