
Microsoft Visual Studio Solution File, Format Version 12.00
# Visual Studio Version 17
VisualStudioVersion = 17.7.34031.279
MinimumVisualStudioVersion = 10.0.40219.1
Project("{FAE04EC0-301F-11D3-BF4B-00C04F79EFBC}") = "Stack", "Stack.csproj", "{7B76C87A-07E0-45B8-AC2F-8D20CA3D6439}"
EndProject
Global
	GlobalSection(SolutionConfigurationPlatforms) = preSolution
		Debug|Any CPU = Debug|Any CPU
		Release|Any CPU = Release|Any CPU
	EndGlobalSection
	GlobalSection(ProjectConfigurationPlatforms) = postSolution
		{7B76C87A-07E0-45B8-AC2F-8D20CA3D6439}.Debug|Any CPU.ActiveCfg = Debug|Any CPU
		{7B76C87A-07E0-45B8-AC2F-8D20CA3D6439}.Debug|Any CPU.Build.0 = Debug|Any CPU
		{7B76C87A-07E0-45B8-AC2F-8D20CA3D6439}.Release|Any CPU.ActiveCfg = Release|Any CPU
		{7B76C87A-07E0-45B8-AC2F-8D20CA3D6439}.Release|Any CPU.Build.0 = Release|Any CPU
	EndGlobalSection
	GlobalSection(SolutionProperties) = preSolution
		HideSolutionNode = FALSE
	EndGlobalSection
	GlobalSection(ExtensibilityGlobals) = postSolution
		SolutionGuid = {FD6870CB-6915-42AA-B795-01E04C0F7602}
	EndGlobalSection
EndGlobal
