
Microsoft Visual Studio Solution File, Format Version 12.00
# Visual Studio Version 17
VisualStudioVersion = 17.7.34031.279
MinimumVisualStudioVersion = 10.0.40219.1
Project("{FAE04EC0-301F-11D3-BF4B-00C04F79EFBC}") = "SoftUniParking", "SoftUniParking.csproj", "{21CDA2DF-653B-414B-8846-8AF323BC4087}"
EndProject
Global
	GlobalSection(SolutionConfigurationPlatforms) = preSolution
		Debug|Any CPU = Debug|Any CPU
		Release|Any CPU = Release|Any CPU
	EndGlobalSection
	GlobalSection(ProjectConfigurationPlatforms) = postSolution
		{21CDA2DF-653B-414B-8846-8AF323BC4087}.Debug|Any CPU.ActiveCfg = Debug|Any CPU
		{21CDA2DF-653B-414B-8846-8AF323BC4087}.Debug|Any CPU.Build.0 = Debug|Any CPU
		{21CDA2DF-653B-414B-8846-8AF323BC4087}.Release|Any CPU.ActiveCfg = Release|Any CPU
		{21CDA2DF-653B-414B-8846-8AF323BC4087}.Release|Any CPU.Build.0 = Release|Any CPU
	EndGlobalSection
	GlobalSection(SolutionProperties) = preSolution
		HideSolutionNode = FALSE
	EndGlobalSection
	GlobalSection(ExtensibilityGlobals) = postSolution
		SolutionGuid = {427899DE-90B2-4511-8BBD-628751F1EF58}
	EndGlobalSection
EndGlobal
