
Microsoft Visual Studio Solution File, Format Version 12.00
# Visual Studio Version 17
VisualStudioVersion = 17.7.34031.279
MinimumVisualStudioVersion = 10.0.40219.1
Project("{FAE04EC0-301F-11D3-BF4B-00C04F79EFBC}") = "Quicksort", "Quicksort.csproj", "{8E32EEE5-86FC-44B4-A1F8-1C7481E9B165}"
EndProject
Global
	GlobalSection(SolutionConfigurationPlatforms) = preSolution
		Debug|Any CPU = Debug|Any CPU
		Release|Any CPU = Release|Any CPU
	EndGlobalSection
	GlobalSection(ProjectConfigurationPlatforms) = postSolution
		{8E32EEE5-86FC-44B4-A1F8-1C7481E9B165}.Debug|Any CPU.ActiveCfg = Debug|Any CPU
		{8E32EEE5-86FC-44B4-A1F8-1C7481E9B165}.Debug|Any CPU.Build.0 = Debug|Any CPU
		{8E32EEE5-86FC-44B4-A1F8-1C7481E9B165}.Release|Any CPU.ActiveCfg = Release|Any CPU
		{8E32EEE5-86FC-44B4-A1F8-1C7481E9B165}.Release|Any CPU.Build.0 = Release|Any CPU
	EndGlobalSection
	GlobalSection(SolutionProperties) = preSolution
		HideSolutionNode = FALSE
	EndGlobalSection
	GlobalSection(ExtensibilityGlobals) = postSolution
		SolutionGuid = {2B425429-7038-44B9-9ADE-4B5F0AC3E7FA}
	EndGlobalSection
EndGlobal
