
Microsoft Visual Studio Solution File, Format Version 12.00
# Visual Studio Version 17
VisualStudioVersion = 17.7.34031.279
MinimumVisualStudioVersion = 10.0.40219.1
Project("{FAE04EC0-301F-11D3-BF4B-00C04F79EFBC}") = "CopyDirectory", "CopyDirectory.csproj", "{551FA852-DB0B-4D9A-8458-F37C96A4DB0B}"
EndProject
Global
	GlobalSection(SolutionConfigurationPlatforms) = preSolution
		Debug|Any CPU = Debug|Any CPU
		Release|Any CPU = Release|Any CPU
	EndGlobalSection
	GlobalSection(ProjectConfigurationPlatforms) = postSolution
		{551FA852-DB0B-4D9A-8458-F37C96A4DB0B}.Debug|Any CPU.ActiveCfg = Debug|Any CPU
		{551FA852-DB0B-4D9A-8458-F37C96A4DB0B}.Debug|Any CPU.Build.0 = Debug|Any CPU
		{551FA852-DB0B-4D9A-8458-F37C96A4DB0B}.Release|Any CPU.ActiveCfg = Release|Any CPU
		{551FA852-DB0B-4D9A-8458-F37C96A4DB0B}.Release|Any CPU.Build.0 = Release|Any CPU
	EndGlobalSection
	GlobalSection(SolutionProperties) = preSolution
		HideSolutionNode = FALSE
	EndGlobalSection
	GlobalSection(ExtensibilityGlobals) = postSolution
		SolutionGuid = {B4AFD493-969C-4699-B76E-93CEAB8C9552}
	EndGlobalSection
EndGlobal
