
Microsoft Visual Studio Solution File, Format Version 12.00
# Visual Studio Version 17
VisualStudioVersion = 17.7.34031.279
MinimumVisualStudioVersion = 10.0.40219.1
Project("{FAE04EC0-301F-11D3-BF4B-00C04F79EFBC}") = "CustomMinFunction", "CustomMinFunction.csproj", "{0328DC1E-08A9-4C9E-B00E-2C443A7BB483}"
EndProject
Global
	GlobalSection(SolutionConfigurationPlatforms) = preSolution
		Debug|Any CPU = Debug|Any CPU
		Release|Any CPU = Release|Any CPU
	EndGlobalSection
	GlobalSection(ProjectConfigurationPlatforms) = postSolution
		{0328DC1E-08A9-4C9E-B00E-2C443A7BB483}.Debug|Any CPU.ActiveCfg = Debug|Any CPU
		{0328DC1E-08A9-4C9E-B00E-2C443A7BB483}.Debug|Any CPU.Build.0 = Debug|Any CPU
		{0328DC1E-08A9-4C9E-B00E-2C443A7BB483}.Release|Any CPU.ActiveCfg = Release|Any CPU
		{0328DC1E-08A9-4C9E-B00E-2C443A7BB483}.Release|Any CPU.Build.0 = Release|Any CPU
	EndGlobalSection
	GlobalSection(SolutionProperties) = preSolution
		HideSolutionNode = FALSE
	EndGlobalSection
	GlobalSection(ExtensibilityGlobals) = postSolution
		SolutionGuid = {2DD3C748-654D-4421-9B87-9AA2F3EC2D52}
	EndGlobalSection
EndGlobal
