
Microsoft Visual Studio Solution File, Format Version 12.00
# Visual Studio Version 17
VisualStudioVersion = 17.7.34031.279
MinimumVisualStudioVersion = 10.0.40219.1
Project("{FAE04EC0-301F-11D3-BF4B-00C04F79EFBC}") = "GenericSwapMethodInteger", "GenericSwapMethodInteger.csproj", "{26883608-494F-460D-9FF1-592879DD8576}"
EndProject
Global
	GlobalSection(SolutionConfigurationPlatforms) = preSolution
		Debug|Any CPU = Debug|Any CPU
		Release|Any CPU = Release|Any CPU
	EndGlobalSection
	GlobalSection(ProjectConfigurationPlatforms) = postSolution
		{26883608-494F-460D-9FF1-592879DD8576}.Debug|Any CPU.ActiveCfg = Debug|Any CPU
		{26883608-494F-460D-9FF1-592879DD8576}.Debug|Any CPU.Build.0 = Debug|Any CPU
		{26883608-494F-460D-9FF1-592879DD8576}.Release|Any CPU.ActiveCfg = Release|Any CPU
		{26883608-494F-460D-9FF1-592879DD8576}.Release|Any CPU.Build.0 = Release|Any CPU
	EndGlobalSection
	GlobalSection(SolutionProperties) = preSolution
		HideSolutionNode = FALSE
	EndGlobalSection
	GlobalSection(ExtensibilityGlobals) = postSolution
		SolutionGuid = {81BC6138-6CDB-405B-87FD-19852F289957}
	EndGlobalSection
EndGlobal
