
Microsoft Visual Studio Solution File, Format Version 12.00
# Visual Studio Version 17
VisualStudioVersion = 17.7.34031.279
MinimumVisualStudioVersion = 10.0.40219.1
Project("{FAE04EC0-301F-11D3-BF4B-00C04F79EFBC}") = "Tuple", "Tuple.csproj", "{BB1E22D0-47F2-4226-9025-8108FDA9A73B}"
EndProject
Global
	GlobalSection(SolutionConfigurationPlatforms) = preSolution
		Debug|Any CPU = Debug|Any CPU
		Release|Any CPU = Release|Any CPU
	EndGlobalSection
	GlobalSection(ProjectConfigurationPlatforms) = postSolution
		{BB1E22D0-47F2-4226-9025-8108FDA9A73B}.Debug|Any CPU.ActiveCfg = Debug|Any CPU
		{BB1E22D0-47F2-4226-9025-8108FDA9A73B}.Debug|Any CPU.Build.0 = Debug|Any CPU
		{BB1E22D0-47F2-4226-9025-8108FDA9A73B}.Release|Any CPU.ActiveCfg = Release|Any CPU
		{BB1E22D0-47F2-4226-9025-8108FDA9A73B}.Release|Any CPU.Build.0 = Release|Any CPU
	EndGlobalSection
	GlobalSection(SolutionProperties) = preSolution
		HideSolutionNode = FALSE
	EndGlobalSection
	GlobalSection(ExtensibilityGlobals) = postSolution
		SolutionGuid = {7C5EB119-9A80-438F-AC99-E13B6F44B6E5}
	EndGlobalSection
EndGlobal
