
Microsoft Visual Studio Solution File, Format Version 12.00
# Visual Studio Version 17
VisualStudioVersion = 17.7.34031.279
MinimumVisualStudioVersion = 10.0.40219.1
Project("{FAE04EC0-301F-11D3-BF4B-00C04F79EFBC}") = "EvenTimes", "EvenTimes.csproj", "{A9940819-EDA9-4C74-A410-4912504CD7D2}"
EndProject
Global
	GlobalSection(SolutionConfigurationPlatforms) = preSolution
		Debug|Any CPU = Debug|Any CPU
		Release|Any CPU = Release|Any CPU
	EndGlobalSection
	GlobalSection(ProjectConfigurationPlatforms) = postSolution
		{A9940819-EDA9-4C74-A410-4912504CD7D2}.Debug|Any CPU.ActiveCfg = Debug|Any CPU
		{A9940819-EDA9-4C74-A410-4912504CD7D2}.Debug|Any CPU.Build.0 = Debug|Any CPU
		{A9940819-EDA9-4C74-A410-4912504CD7D2}.Release|Any CPU.ActiveCfg = Release|Any CPU
		{A9940819-EDA9-4C74-A410-4912504CD7D2}.Release|Any CPU.Build.0 = Release|Any CPU
	EndGlobalSection
	GlobalSection(SolutionProperties) = preSolution
		HideSolutionNode = FALSE
	EndGlobalSection
	GlobalSection(ExtensibilityGlobals) = postSolution
		SolutionGuid = {81ED5C01-42EF-44F9-BA00-2BF0FF6D8455}
	EndGlobalSection
EndGlobal
